Microsoft Visual Studio Solution File, Format Version 8.00
Project("{8BC9CEB8-8B4A-11D0-8D11-00A0C91BC942}") = "sanxo", "sanxo.vcproj", "{460E0854-3131-4E4C-AF69-6E2E24F98880}"
	ProjectSection(ProjectDependencies) = postProject
	EndProjectSection
EndProject
Global
	GlobalSection(SolutionConfiguration) = preSolution
		Debug = Debug
		Release = Release
	EndGlobalSection
	GlobalSection(ProjectConfiguration) = postSolution
		{460E0854-3131-4E4C-AF69-6E2E24F98880}.Debug.ActiveCfg = Debug|Win32
		{460E0854-3131-4E4C-AF69-6E2E24F98880}.Debug.Build.0 = Debug|Win32
		{460E0854-3131-4E4C-AF69-6E2E24F98880}.Release.ActiveCfg = Release|Win32
		{460E0854-3131-4E4C-AF69-6E2E24F98880}.Release.Build.0 = Release|Win32
	EndGlobalSection
	GlobalSection(ExtensibilityGlobals) = postSolution
	EndGlobalSection
	GlobalSection(ExtensibilityAddIns) = postSolution
	EndGlobalSection
EndGlobal
